{
    "_meta": {
        "hash": {
            "sha256": "ef4b2be8c53c4afd18024b05276afa81ba9689109c5538b674021734a7095a60"
        },
        "pipfile-spec": 6,
        "requires": {
            "python_version": "3.9"
        },
        "sources": [
            {
                "name": "pypi",
                "url": "https://pypi.org/simple",
                "verify_ssl": true
            }
        ]
    },
    "default": {
        "beautifulsoup4": {
            "hashes": [
                "sha256:0e79446b10b3ecb499c1556f7e228a53e64a2bfcebd455f370d8927cb5b59e39",
                "sha256:bc4bdda6717de5a2987436fb8d72f45dc90dd856bdfd512a1314ce90349a0106"
            ],
            "markers": "python_full_version >= '3.6.0'",
            "version": "==4.11.2"
        },
        "bs4": {
            "hashes": [
                "sha256:36ecea1fd7cc5c0c6e4a1ff075df26d50da647b75376626cc186e2212886dd3a"
            ],
            "index": "pypi",
            "version": "==0.0.1"
        },
        "six": {
            "hashes": [
                "sha256:1e61c37477a1626458e36f7b1d82aa5c9b094fa4802892072e49de9c60c4c926",
                "sha256:8abb2f1d86890a2dfb989f9a77cfcfd3e47c2a354b01111771326f8aa26e0254"
            ],
            "markers": "python_version >= '2.7' and python_version not in '3.0, 3.1, 3.2, 3.3'",
            "version": "==1.16.0"
        },
        "soupsieve": {
            "hashes": [
                "sha256:49e5368c2cda80ee7e84da9dbe3e110b70a4575f196efb74e51b94549d921955",
                "sha256:e28dba9ca6c7c00173e34e4ba57448f0688bb681b7c5e8bf4971daafc093d69a"
            ],
            "markers": "python_version >= '3.7'",
            "version": "==2.4"
        },
        "tqdm": {
            "hashes": [
                "sha256:1871fb68a86b8fb3b59ca4cdd3dcccbc7e6d613eeed31f4c332531977b89beb5",
                "sha256:c4f53a17fe37e132815abceec022631be8ffe1b9381c2e6e30aa70edc99e9671"
            ],
            "index": "pypi",
            "version": "==4.65.0"
        },
        "transliterate": {
            "hashes": [
                "sha256:010a5021bf6021689c4fade0985f3f7b3db1f2f16a48a09a56797f171c08ed42",
                "sha256:bc608e0d48e687db9c2b1d7ea7c381afe0d1849cad216087d8e03d8d06a57c85"
            ],
            "index": "pypi",
            "version": "==1.10.2"
        }
    },
    "develop": {}
}
